// !$*UTF8*$!
{
	archiveVersion = 1;
	classes = {
	};
	objectVersion = 51;
	objects = {

/* Begin PBXBuildFile section */
		35E05ED74871DB3C154D492A /* Pods_SabqProject.framework in Frameworks */ = {isa = PBXBuildFile; fileRef = 00C300770F7CEC556C9A7409 /* Pods_SabqProject.framework */; };
		60A64B823B817F027E1A44C0 /* Pods_SabqProjectUITests.framework in Frameworks */ = {isa = PBXBuildFile; fileRef = C3364CBEBF5D397150EDBD44 /* Pods_SabqProjectUITests.framework */; };
		9205541723584D5400F3079C /* NetworkDefaults.swift in Sources */ = {isa = PBXBuildFile; fileRef = 9205541623584D5400F3079C /* NetworkDefaults.swift */; };
		9205541B23584DA400F3079C /* NetworkManager.swift in Sources */ = {isa = PBXBuildFile; fileRef = 9205541A23584DA400F3079C /* NetworkManager.swift */; };
		9205541E2358690000F3079C /* AppDelegate+Extensions.swift in Sources */ = {isa = PBXBuildFile; fileRef = 9205541D2358690000F3079C /* AppDelegate+Extensions.swift */; };
		92055422235869BB00F3079C /* HomeSceneModule.swift in Sources */ = {isa = PBXBuildFile; fileRef = 92055421235869BB00F3079C /* HomeSceneModule.swift */; };
		9205542523586A4100F3079C /* DetailsSceneModule.swift in Sources */ = {isa = PBXBuildFile; fileRef = 9205542423586A4100F3079C /* DetailsSceneModule.swift */; };
		9205542723586CF000F3079C /* UserDefaults.swift in Sources */ = {isa = PBXBuildFile; fileRef = 9205542623586CF000F3079C /* UserDefaults.swift */; };
		9205542923586DED00F3079C /* BaseViewController.swift in Sources */ = {isa = PBXBuildFile; fileRef = 9205542823586DED00F3079C /* BaseViewController.swift */; };
		9205542B23586E0700F3079C /* BaseModel.swift in Sources */ = {isa = PBXBuildFile; fileRef = 9205542A23586E0700F3079C /* BaseModel.swift */; };
		9205542D23586E1900F3079C /* BasePresenter.swift in Sources */ = {isa = PBXBuildFile; fileRef = 9205542C23586E1900F3079C /* BasePresenter.swift */; };
		9205543023586E3300F3079C /* BaseViewProtocol.swift in Sources */ = {isa = PBXBuildFile; fileRef = 9205542F23586E3300F3079C /* BaseViewProtocol.swift */; };
		9205543223586E4E00F3079C /* BaseModelProtocol.swift in Sources */ = {isa = PBXBuildFile; fileRef = 9205543123586E4E00F3079C /* BaseModelProtocol.swift */; };
		9205543423586E5F00F3079C /* BasePresenterProtocol.swift in Sources */ = {isa = PBXBuildFile; fileRef = 9205543323586E5F00F3079C /* BasePresenterProtocol.swift */; };
		9205543723586E9300F3079C /* HomeSceneViewProtocol.swift in Sources */ = {isa = PBXBuildFile; fileRef = 9205543623586E9300F3079C /* HomeSceneViewProtocol.swift */; };
		9205543923586EA200F3079C /* HomeSceneModelProtocol.swift in Sources */ = {isa = PBXBuildFile; fileRef = 9205543823586EA200F3079C /* HomeSceneModelProtocol.swift */; };
		9205543B23586EB300F3079C /* HomeScenePresenterProtocol.swift in Sources */ = {isa = PBXBuildFile; fileRef = 9205543A23586EB300F3079C /* HomeScenePresenterProtocol.swift */; };
		9205543E2358752400F3079C /* BaseViewAdaptor.swift in Sources */ = {isa = PBXBuildFile; fileRef = 9205543D2358752400F3079C /* BaseViewAdaptor.swift */; };
		920554402358783600F3079C /* HomeSceneViewAdptor.swift in Sources */ = {isa = PBXBuildFile; fileRef = 9205543F2358783600F3079C /* HomeSceneViewAdptor.swift */; };
		9205544323588E4900F3079C /* DetailsSceneViewProtocol.swift in Sources */ = {isa = PBXBuildFile; fileRef = 9205544223588E4900F3079C /* DetailsSceneViewProtocol.swift */; };
		9205544523588E5F00F3079C /* DetailsSceneModelProtocol.swift in Sources */ = {isa = PBXBuildFile; fileRef = 9205544423588E5F00F3079C /* DetailsSceneModelProtocol.swift */; };
		9205544723588E7200F3079C /* DetailsScenePresenterProtocol.swift in Sources */ = {isa = PBXBuildFile; fileRef = 9205544623588E7200F3079C /* DetailsScenePresenterProtocol.swift */; };
		9205544923588F3A00F3079C /* DetailsViewAdaptor.swift in Sources */ = {isa = PBXBuildFile; fileRef = 9205544823588F3A00F3079C /* DetailsViewAdaptor.swift */; };
		9205544B2358920900F3079C /* StaticHeaderPlugin.swift in Sources */ = {isa = PBXBuildFile; fileRef = 9205544A2358920900F3079C /* StaticHeaderPlugin.swift */; };
		9205544E2358964B00F3079C /* HomeFirstSectionViewController.swift in Sources */ = {isa = PBXBuildFile; fileRef = 9205544C2358964B00F3079C /* HomeFirstSectionViewController.swift */; };
		9205544F2358964B00F3079C /* HomeFirstSectionViewController.xib in Resources */ = {isa = PBXBuildFile; fileRef = 9205544D2358964B00F3079C /* HomeFirstSectionViewController.xib */; };
		92055451235899AC00F3079C /* UIColorExtension.swift in Sources */ = {isa = PBXBuildFile; fileRef = 92055450235899AC00F3079C /* UIColorExtension.swift */; };
		9212E8DA235D9DD500BEBD0B /* Attachements.swift in Sources */ = {isa = PBXBuildFile; fileRef = 9212E8D9235D9DD500BEBD0B /* Attachements.swift */; };
		9212E8E0235DC2EF00BEBD0B /* HomeImagesVideoResponse.swift in Sources */ = {isa = PBXBuildFile; fileRef = 9212E8DF235DC2EF00BEBD0B /* HomeImagesVideoResponse.swift */; };
		9212E8E2235DC30200BEBD0B /* HomeArticlesResponse.swift in Sources */ = {isa = PBXBuildFile; fileRef = 9212E8E1235DC30200BEBD0B /* HomeArticlesResponse.swift */; };
		9212E8E6235DCC9100BEBD0B /* Comics.swift in Sources */ = {isa = PBXBuildFile; fileRef = 9212E8E5235DCC9100BEBD0B /* Comics.swift */; };
		9212E8F0235DE54E00BEBD0B /* StringExtension.swift in Sources */ = {isa = PBXBuildFile; fileRef = 9212E8EF235DE54E00BEBD0B /* StringExtension.swift */; };
		9212E8F3235DE9C900BEBD0B /* HomeVideoTableViewCell.swift in Sources */ = {isa = PBXBuildFile; fileRef = 9212E8F1235DE9C900BEBD0B /* HomeVideoTableViewCell.swift */; };
		9212E8F4235DE9C900BEBD0B /* HomeVideoTableViewCell.xib in Resources */ = {isa = PBXBuildFile; fileRef = 9212E8F2235DE9C900BEBD0B /* HomeVideoTableViewCell.xib */; };
		9252A633235C5C3A0099EF0E /* HomeTableViewCell.swift in Sources */ = {isa = PBXBuildFile; fileRef = 9252A631235C5C3A0099EF0E /* HomeTableViewCell.swift */; };
		9252A634235C5C3A0099EF0E /* HomeTableViewCell.xib in Resources */ = {isa = PBXBuildFile; fileRef = 9252A632235C5C3A0099EF0E /* HomeTableViewCell.xib */; };
		9252A63B235C633C0099EF0E /* SliderTableViewCell.swift in Sources */ = {isa = PBXBuildFile; fileRef = 9252A639235C633C0099EF0E /* SliderTableViewCell.swift */; };
		9252A63C235C633C0099EF0E /* SliderTableViewCell.xib in Resources */ = {isa = PBXBuildFile; fileRef = 9252A63A235C633C0099EF0E /* SliderTableViewCell.xib */; };
		9252A63F235C648F0099EF0E /* HomeVideosCollectionViewCell.swift in Sources */ = {isa = PBXBuildFile; fileRef = 9252A63D235C648F0099EF0E /* HomeVideosCollectionViewCell.swift */; };
		9252A640235C648F0099EF0E /* HomeVideosCollectionViewCell.xib in Resources */ = {isa = PBXBuildFile; fileRef = 9252A63E235C648F0099EF0E /* HomeVideosCollectionViewCell.xib */; };
		9252A643235C7B020099EF0E /* ImagesCollectionViewCell.swift in Sources */ = {isa = PBXBuildFile; fileRef = 9252A641235C7B020099EF0E /* ImagesCollectionViewCell.swift */; };
		9252A644235C7B020099EF0E /* ImagesCollectionViewCell.xib in Resources */ = {isa = PBXBuildFile; fileRef = 9252A642235C7B020099EF0E /* ImagesCollectionViewCell.xib */; };
		9252A647235C7B260099EF0E /* ArticlesCollectionViewCell.swift in Sources */ = {isa = PBXBuildFile; fileRef = 9252A645235C7B260099EF0E /* ArticlesCollectionViewCell.swift */; };
		9252A648235C7B260099EF0E /* ArticlesCollectionViewCell.xib in Resources */ = {isa = PBXBuildFile; fileRef = 9252A646235C7B260099EF0E /* ArticlesCollectionViewCell.xib */; };
		9252A64E235C8F910099EF0E /* MoyaService.swift in Sources */ = {isa = PBXBuildFile; fileRef = 9252A64D235C8F910099EF0E /* MoyaService.swift */; };
		9252A650235C93C30099EF0E /* NetworkCall.swift in Sources */ = {isa = PBXBuildFile; fileRef = 9252A64F235C93C30099EF0E /* NetworkCall.swift */; };
		9252A654235C946F0099EF0E /* HomeMaterialResponse.swift in Sources */ = {isa = PBXBuildFile; fileRef = 9252A653235C946F0099EF0E /* HomeMaterialResponse.swift */; };
		9252A656235C953F0099EF0E /* Slider.swift in Sources */ = {isa = PBXBuildFile; fileRef = 9252A655235C953F0099EF0E /* Slider.swift */; };
		9252A658235C95520099EF0E /* Materials.swift in Sources */ = {isa = PBXBuildFile; fileRef = 9252A657235C95520099EF0E /* Materials.swift */; };
		9252A65A235C956C0099EF0E /* Tags.swift in Sources */ = {isa = PBXBuildFile; fileRef = 9252A659235C956C0099EF0E /* Tags.swift */; };
		9252A65C235C95780099EF0E /* Videos.swift in Sources */ = {isa = PBXBuildFile; fileRef = 9252A65B235C95780099EF0E /* Videos.swift */; };
		9252A65E235C96450099EF0E /* Images.swift in Sources */ = {isa = PBXBuildFile; fileRef = 9252A65D235C96450099EF0E /* Images.swift */; };
		92A220EB2360408C002D1755 /* VideoCellAdaptor.swift in Sources */ = {isa = PBXBuildFile; fileRef = 92A220EA2360408C002D1755 /* VideoCellAdaptor.swift */; };
		92A220ED236043FD002D1755 /* ImageCellAdaptor.swift in Sources */ = {isa = PBXBuildFile; fileRef = 92A220EC236043FD002D1755 /* ImageCellAdaptor.swift */; };
		92A220EF23604E58002D1755 /* ArticleCellAdaptor.swift in Sources */ = {isa = PBXBuildFile; fileRef = 92A220EE23604E58002D1755 /* ArticleCellAdaptor.swift */; };
		92A220F1236063B9002D1755 /* SliderCellAdaptor.swift in Sources */ = {isa = PBXBuildFile; fileRef = 92A220F0236063B9002D1755 /* SliderCellAdaptor.swift */; };
		92A220F523607BF2002D1755 /* TabTwoViewController.swift in Sources */ = {isa = PBXBuildFile; fileRef = 92A220F323607BF2002D1755 /* TabTwoViewController.swift */; };
		92A220F623607BF2002D1755 /* TabTwoViewController.xib in Resources */ = {isa = PBXBuildFile; fileRef = 92A220F423607BF2002D1755 /* TabTwoViewController.xib */; };
		92A220F923607C0C002D1755 /* TabThreeViewController.swift in Sources */ = {isa = PBXBuildFile; fileRef = 92A220F723607C0C002D1755 /* TabThreeViewController.swift */; };
		92A220FA23607C0C002D1755 /* TabThreeViewController.xib in Resources */ = {isa = PBXBuildFile; fileRef = 92A220F823607C0C002D1755 /* TabThreeViewController.xib */; };
		92A220FE23607C37002D1755 /* TabFourViewController.swift in Sources */ = {isa = PBXBuildFile; fileRef = 92A220FC23607C37002D1755 /* TabFourViewController.swift */; };
		92A220FF23607C37002D1755 /* TabFourViewController.xib in Resources */ = {isa = PBXBuildFile; fileRef = 92A220FD23607C37002D1755 /* TabFourViewController.xib */; };
		92B44F2E2361804C00D717AB /* TabViewController.swift in Sources */ = {isa = PBXBuildFile; fileRef = 92B44F2D2361804C00D717AB /* TabViewController.swift */; };
		92C5BBEB235EDFF900127B9B /* DateExtension.swift in Sources */ = {isa = PBXBuildFile; fileRef = 92C5BBEA235EDFF900127B9B /* DateExtension.swift */; };
		92C5BBF4235EE31B00127B9B /* ArticleTableViewCell.swift in Sources */ = {isa = PBXBuildFile; fileRef = 92C5BBF2235EE31B00127B9B /* ArticleTableViewCell.swift */; };
		92C5BBF5235EE31B00127B9B /* ArticleTableViewCell.xib in Resources */ = {isa = PBXBuildFile; fileRef = 92C5BBF3235EE31B00127B9B /* ArticleTableViewCell.xib */; };
		92C5BBFA235EE34500127B9B /* ImagesTableViewCell.swift in Sources */ = {isa = PBXBuildFile; fileRef = 92C5BBF8235EE34500127B9B /* ImagesTableViewCell.swift */; };
		92C5BBFB235EE34500127B9B /* ImagesTableViewCell.xib in Resources */ = {isa = PBXBuildFile; fileRef = 92C5BBF9235EE34500127B9B /* ImagesTableViewCell.xib */; };
		92D95D9D235754C7009B27A5 /* AppDelegate.swift in Sources */ = {isa = PBXBuildFile; fileRef = 92D95D9C235754C7009B27A5 /* AppDelegate.swift */; };
		92D95DA4235754C7009B27A5 /* Assets.xcassets in Resources */ = {isa = PBXBuildFile; fileRef = 92D95DA3235754C7009B27A5 /* Assets.xcassets */; };
		92D95DA7235754C7009B27A5 /* LaunchScreen.storyboard in Resources */ = {isa = PBXBuildFile; fileRef = 92D95DA5235754C7009B27A5 /* LaunchScreen.storyboard */; };
		92D95DB2235754C7009B27A5 /* SabqProjectTests.swift in Sources */ = {isa = PBXBuildFile; fileRef = 92D95DB1235754C7009B27A5 /* SabqProjectTests.swift */; };
		92D95DBD235754C7009B27A5 /* SabqProjectUITests.swift in Sources */ = {isa = PBXBuildFile; fileRef = 92D95DBC235754C7009B27A5 /* SabqProjectUITests.swift */; };
		92D95DCF23575B81009B27A5 /* HomeSceneViewController.swift in Sources */ = {isa = PBXBuildFile; fileRef = 92D95DCD23575B81009B27A5 /* HomeSceneViewController.swift */; };
		92D95DD023575B81009B27A5 /* HomeSceneViewController.xib in Resources */ = {isa = PBXBuildFile; fileRef = 92D95DCE23575B81009B27A5 /* HomeSceneViewController.xib */; };
		92D95DD323575B95009B27A5 /* DetailsSceneViewController.swift in Sources */ = {isa = PBXBuildFile; fileRef = 92D95DD123575B95009B27A5 /* DetailsSceneViewController.swift */; };
		92D95DD423575B95009B27A5 /* DetailsSceneViewController.xib in Resources */ = {isa = PBXBuildFile; fileRef = 92D95DD223575B95009B27A5 /* DetailsSceneViewController.xib */; };
		92D95DD623575BAD009B27A5 /* HomeScenePresenter.swift in Sources */ = {isa = PBXBuildFile; fileRef = 92D95DD523575BAC009B27A5 /* HomeScenePresenter.swift */; };
		92D95DD823575BC4009B27A5 /* HomeSceneModel.swift in Sources */ = {isa = PBXBuildFile; fileRef = 92D95DD723575BC4009B27A5 /* HomeSceneModel.swift */; };
		92D95DE023575C98009B27A5 /* DetailsSceneModel.swift in Sources */ = {isa = PBXBuildFile; fileRef = 92D95DDF23575C98009B27A5 /* DetailsSceneModel.swift */; };
		92D95DE223575CAF009B27A5 /* DetailsScenePresenter.swift in Sources */ = {isa = PBXBuildFile; fileRef = 92D95DE123575CAF009B27A5 /* DetailsScenePresenter.swift */; };
		92EAFD0F2361D9340033F760 /* ShimmerViewController.swift in Sources */ = {isa = PBXBuildFile; fileRef = 92EAFD0D2361D9340033F760 /* ShimmerViewController.swift */; };
		92EAFD102361D9340033F760 /* ShimmerViewController.xib in Resources */ = {isa = PBXBuildFile; fileRef = 92EAFD0E2361D9340033F760 /* ShimmerViewController.xib */; };
		E3230097FEDDE62930742054 /* Pods_SabqProjectTests.framework in Frameworks */ = {isa = PBXBuildFile; fileRef = D838CDEA347CD71319929EC8 /* Pods_SabqProjectTests.framework */; };
/* End PBXBuildFile section */

/* Begin PBXContainerItemProxy section */
		92D95DAE235754C7009B27A5 /* PBXContainerItemProxy */ = {
			isa = PBXContainerItemProxy;
			containerPortal = 92D95D91235754C7009B27A5 /* Project object */;
			proxyType = 1;
			remoteGlobalIDString = 92D95D98235754C7009B27A5;
			remoteInfo = SabqProject;
		};
		92D95DB9235754C7009B27A5 /* PBXContainerItemProxy */ = {
			isa = PBXContainerItemProxy;
			containerPortal = 92D95D91235754C7009B27A5 /* Project object */;
			proxyType = 1;
			remoteGlobalIDString = 92D95D98235754C7009B27A5;
			remoteInfo = SabqProject;
		};
/* End PBXContainerItemProxy section */

/* Begin PBXFileReference section */
		00C300770F7CEC556C9A7409 /* Pods_SabqProject.framework */ = {isa = PBXFileReference; explicitFileType = wrapper.framework; includeInIndex = 0; path = Pods_SabqProject.framework; sourceTree = BUILT_PRODUCTS_DIR; };
		32F09598BF7E3C5167F7ACEE /* Pods-SabqProject.release.xcconfig */ = {isa = PBXFileReference; includeInIndex = 1; lastKnownFileType = text.xcconfig; name = "Pods-SabqProject.release.xcconfig"; path = "Target Support Files/Pods-SabqProject/Pods-SabqProject.release.xcconfig"; sourceTree = "<group>"; };
		39AFDC26EA1A47F283002A9F /* Pods-SabqProjectTests.release.xcconfig */ = {isa = PBXFileReference; includeInIndex = 1; lastKnownFileType = text.xcconfig; name = "Pods-SabqProjectTests.release.xcconfig"; path = "Target Support Files/Pods-SabqProjectTests/Pods-SabqProjectTests.release.xcconfig"; sourceTree = "<group>"; };
		4961A30E4D25CB03135DF6DA /* Pods-SabqProjectUITests.debug.xcconfig */ = {isa = PBXFileReference; includeInIndex = 1; lastKnownFileType = text.xcconfig; name = "Pods-SabqProjectUITests.debug.xcconfig"; path = "Target Support Files/Pods-SabqProjectUITests/Pods-SabqProjectUITests.debug.xcconfig"; sourceTree = "<group>"; };
		6BE210E6174C02CAE1DF0397 /* Pods-SabqProject-SabqProjectUITests.release.xcconfig */ = {isa = PBXFileReference; includeInIndex = 1; lastKnownFileType = text.xcconfig; name = "Pods-SabqProject-SabqProjectUITests.release.xcconfig"; path = "Target Support Files/Pods-SabqProject-SabqProjectUITests/Pods-SabqProject-SabqProjectUITests.release.xcconfig"; sourceTree = "<group>"; };
		73F84F3B5D3FE27C3292C342 /* Pods-SabqProjectUITests.release.xcconfig */ = {isa = PBXFileReference; includeInIndex = 1; lastKnownFileType = text.xcconfig; name = "Pods-SabqProjectUITests.release.xcconfig"; path = "Target Support Files/Pods-SabqProjectUITests/Pods-SabqProjectUITests.release.xcconfig"; sourceTree = "<group>"; };
		8CD857100AB60C1204DBB4BD /* Pods-SabqProject-SabqProjectUITests.debug.xcconfig */ = {isa = PBXFileReference; includeInIndex = 1; lastKnownFileType = text.xcconfig; name = "Pods-SabqProject-SabqProjectUITests.debug.xcconfig"; path = "Target Support Files/Pods-SabqProject-SabqProjectUITests/Pods-SabqProject-SabqProjectUITests.debug.xcconfig"; sourceTree = "<group>"; };
		9205541623584D5400F3079C /* NetworkDefaults.swift */ = {isa = PBXFileReference; lastKnownFileType = sourcecode.swift; path = NetworkDefaults.swift; sourceTree = "<group>"; };
		9205541A23584DA400F3079C /* NetworkManager.swift */ = {isa = PBXFileReference; lastKnownFileType = sourcecode.swift; path = NetworkManager.swift; sourceTree = "<group>"; };
		9205541D2358690000F3079C /* AppDelegate+Extensions.swift */ = {isa = PBXFileReference; lastKnownFileType = sourcecode.swift; path = "AppDelegate+Extensions.swift"; sourceTree = "<group>"; };
		92055421235869BB00F3079C /* HomeSceneModule.swift */ = {isa = PBXFileReference; lastKnownFileType = sourcecode.swift; path = HomeSceneModule.swift; sourceTree = "<group>"; };
		9205542423586A4100F3079C /* DetailsSceneModule.swift */ = {isa = PBXFileReference; lastKnownFileType = sourcecode.swift; path = DetailsSceneModule.swift; sourceTree = "<group>"; };
		9205542623586CF000F3079C /* UserDefaults.swift */ = {isa = PBXFileReference; lastKnownFileType = sourcecode.swift; path = UserDefaults.swift; sourceTree = "<group>"; };
		9205542823586DED00F3079C /* BaseViewController.swift */ = {isa = PBXFileReference; lastKnownFileType = sourcecode.swift; path = BaseViewController.swift; sourceTree = "<group>"; };
		9205542A23586E0700F3079C /* BaseModel.swift */ = {isa = PBXFileReference; lastKnownFileType = sourcecode.swift; path = BaseModel.swift; sourceTree = "<group>"; };
		9205542C23586E1900F3079C /* BasePresenter.swift */ = {isa = PBXFileReference; lastKnownFileType = sourcecode.swift; path = BasePresenter.swift; sourceTree = "<group>"; };
		9205542F23586E3300F3079C /* BaseViewProtocol.swift */ = {isa = PBXFileReference; lastKnownFileType = sourcecode.swift; path = BaseViewProtocol.swift; sourceTree = "<group>"; };
		9205543123586E4E00F3079C /* BaseModelProtocol.swift */ = {isa = PBXFileReference; lastKnownFileType = sourcecode.swift; path = BaseModelProtocol.swift; sourceTree = "<group>"; };
		9205543323586E5F00F3079C /* BasePresenterProtocol.swift */ = {isa = PBXFileReference; lastKnownFileType = sourcecode.swift; path = BasePresenterProtocol.swift; sourceTree = "<group>"; };
		9205543623586E9300F3079C /* HomeSceneViewProtocol.swift */ = {isa = PBXFileReference; lastKnownFileType = sourcecode.swift; path = HomeSceneViewProtocol.swift; sourceTree = "<group>"; };
		9205543823586EA200F3079C /* HomeSceneModelProtocol.swift */ = {isa = PBXFileReference; lastKnownFileType = sourcecode.swift; path = HomeSceneModelProtocol.swift; sourceTree = "<group>"; };
		9205543A23586EB300F3079C /* HomeScenePresenterProtocol.swift */ = {isa = PBXFileReference; lastKnownFileType = sourcecode.swift; path = HomeScenePresenterProtocol.swift; sourceTree = "<group>"; };
		9205543D2358752400F3079C /* BaseViewAdaptor.swift */ = {isa = PBXFileReference; lastKnownFileType = sourcecode.swift; path = BaseViewAdaptor.swift; sourceTree = "<group>"; };
		9205543F2358783600F3079C /* HomeSceneViewAdptor.swift */ = {isa = PBXFileReference; lastKnownFileType = sourcecode.swift; path = HomeSceneViewAdptor.swift; sourceTree = "<group>"; };
		9205544223588E4900F3079C /* DetailsSceneViewProtocol.swift */ = {isa = PBXFileReference; lastKnownFileType = sourcecode.swift; path = DetailsSceneViewProtocol.swift; sourceTree = "<group>"; };
		9205544423588E5F00F3079C /* DetailsSceneModelProtocol.swift */ = {isa = PBXFileReference; lastKnownFileType = sourcecode.swift; path = DetailsSceneModelProtocol.swift; sourceTree = "<group>"; };
		9205544623588E7200F3079C /* DetailsScenePresenterProtocol.swift */ = {isa = PBXFileReference; lastKnownFileType = sourcecode.swift; path = DetailsScenePresenterProtocol.swift; sourceTree = "<group>"; };
		9205544823588F3A00F3079C /* DetailsViewAdaptor.swift */ = {isa = PBXFileReference; lastKnownFileType = sourcecode.swift; path = DetailsViewAdaptor.swift; sourceTree = "<group>"; };
		9205544A2358920900F3079C /* StaticHeaderPlugin.swift */ = {isa = PBXFileReference; lastKnownFileType = sourcecode.swift; path = StaticHeaderPlugin.swift; sourceTree = "<group>"; };
		9205544C2358964B00F3079C /* HomeFirstSectionViewController.swift */ = {isa = PBXFileReference; lastKnownFileType = sourcecode.swift; path = HomeFirstSectionViewController.swift; sourceTree = "<group>"; };
		9205544D2358964B00F3079C /* HomeFirstSectionViewController.xib */ = {isa = PBXFileReference; lastKnownFileType = file.xib; path = HomeFirstSectionViewController.xib; sourceTree = "<group>"; };
		92055450235899AC00F3079C /* UIColorExtension.swift */ = {isa = PBXFileReference; lastKnownFileType = sourcecode.swift; path = UIColorExtension.swift; sourceTree = "<group>"; };
		9212E8D9235D9DD500BEBD0B /* Attachements.swift */ = {isa = PBXFileReference; lastKnownFileType = sourcecode.swift; path = Attachements.swift; sourceTree = "<group>"; };
		9212E8DF235DC2EF00BEBD0B /* HomeImagesVideoResponse.swift */ = {isa = PBXFileReference; lastKnownFileType = sourcecode.swift; path = HomeImagesVideoResponse.swift; sourceTree = "<group>"; };
		9212E8E1235DC30200BEBD0B /* HomeArticlesResponse.swift */ = {isa = PBXFileReference; lastKnownFileType = sourcecode.swift; path = HomeArticlesResponse.swift; sourceTree = "<group>"; };
		9212E8E5235DCC9100BEBD0B /* Comics.swift */ = {isa = PBXFileReference; lastKnownFileType = sourcecode.swift; path = Comics.swift; sourceTree = "<group>"; };
		9212E8EF235DE54E00BEBD0B /* StringExtension.swift */ = {isa = PBXFileReference; lastKnownFileType = sourcecode.swift; path = StringExtension.swift; sourceTree = "<group>"; };
		9212E8F1235DE9C900BEBD0B /* HomeVideoTableViewCell.swift */ = {isa = PBXFileReference; lastKnownFileType = sourcecode.swift; path = HomeVideoTableViewCell.swift; sourceTree = "<group>"; };
		9212E8F2235DE9C900BEBD0B /* HomeVideoTableViewCell.xib */ = {isa = PBXFileReference; lastKnownFileType = file.xib; path = HomeVideoTableViewCell.xib; sourceTree = "<group>"; };
		9252A631235C5C3A0099EF0E /* HomeTableViewCell.swift */ = {isa = PBXFileReference; lastKnownFileType = sourcecode.swift; path = HomeTableViewCell.swift; sourceTree = "<group>"; };
		9252A632235C5C3A0099EF0E /* HomeTableViewCell.xib */ = {isa = PBXFileReference; lastKnownFileType = file.xib; path = HomeTableViewCell.xib; sourceTree = "<group>"; };
		9252A639235C633C0099EF0E /* SliderTableViewCell.swift */ = {isa = PBXFileReference; lastKnownFileType = sourcecode.swift; path = SliderTableViewCell.swift; sourceTree = "<group>"; };
		9252A63A235C633C0099EF0E /* SliderTableViewCell.xib */ = {isa = PBXFileReference; lastKnownFileType = file.xib; path = SliderTableViewCell.xib; sourceTree = "<group>"; };
		9252A63D235C648F0099EF0E /* HomeVideosCollectionViewCell.swift */ = {isa = PBXFileReference; lastKnownFileType = sourcecode.swift; path = HomeVideosCollectionViewCell.swift; sourceTree = "<group>"; };
		9252A63E235C648F0099EF0E /* HomeVideosCollectionViewCell.xib */ = {isa = PBXFileReference; lastKnownFileType = file.xib; path = HomeVideosCollectionViewCell.xib; sourceTree = "<group>"; };
		9252A641235C7B020099EF0E /* ImagesCollectionViewCell.swift */ = {isa = PBXFileReference; lastKnownFileType = sourcecode.swift; path = ImagesCollectionViewCell.swift; sourceTree = "<group>"; };
		9252A642235C7B020099EF0E /* ImagesCollectionViewCell.xib */ = {isa = PBXFileReference; lastKnownFileType = file.xib; path = ImagesCollectionViewCell.xib; sourceTree = "<group>"; };
		9252A645235C7B260099EF0E /* ArticlesCollectionViewCell.swift */ = {isa = PBXFileReference; lastKnownFileType = sourcecode.swift; path = ArticlesCollectionViewCell.swift; sourceTree = "<group>"; };
		9252A646235C7B260099EF0E /* ArticlesCollectionViewCell.xib */ = {isa = PBXFileReference; lastKnownFileType = file.xib; path = ArticlesCollectionViewCell.xib; sourceTree = "<group>"; };
		9252A64D235C8F910099EF0E /* MoyaService.swift */ = {isa = PBXFileReference; lastKnownFileType = sourcecode.swift; path = MoyaService.swift; sourceTree = "<group>"; };
		9252A64F235C93C30099EF0E /* NetworkCall.swift */ = {isa = PBXFileReference; lastKnownFileType = sourcecode.swift; path = NetworkCall.swift; sourceTree = "<group>"; };
		9252A653235C946F0099EF0E /* HomeMaterialResponse.swift */ = {isa = PBXFileReference; lastKnownFileType = sourcecode.swift; path = HomeMaterialResponse.swift; sourceTree = "<group>"; };
		9252A655235C953F0099EF0E /* Slider.swift */ = {isa = PBXFileReference; lastKnownFileType = sourcecode.swift; path = Slider.swift; sourceTree = "<group>"; };
		9252A657235C95520099EF0E /* Materials.swift */ = {isa = PBXFileReference; lastKnownFileType = sourcecode.swift; path = Materials.swift; sourceTree = "<group>"; };
		9252A659235C956C0099EF0E /* Tags.swift */ = {isa = PBXFileReference; lastKnownFileType = sourcecode.swift; path = Tags.swift; sourceTree = "<group>"; };
		9252A65B235C95780099EF0E /* Videos.swift */ = {isa = PBXFileReference; lastKnownFileType = sourcecode.swift; path = Videos.swift; sourceTree = "<group>"; };
		9252A65D235C96450099EF0E /* Images.swift */ = {isa = PBXFileReference; lastKnownFileType = sourcecode.swift; path = Images.swift; sourceTree = "<group>"; };
		92A220EA2360408C002D1755 /* VideoCellAdaptor.swift */ = {isa = PBXFileReference; lastKnownFileType = sourcecode.swift; path = VideoCellAdaptor.swift; sourceTree = "<group>"; };
		92A220EC236043FD002D1755 /* ImageCellAdaptor.swift */ = {isa = PBXFileReference; lastKnownFileType = sourcecode.swift; path = ImageCellAdaptor.swift; sourceTree = "<group>"; };
		92A220EE23604E58002D1755 /* ArticleCellAdaptor.swift */ = {isa = PBXFileReference; lastKnownFileType = sourcecode.swift; path = ArticleCellAdaptor.swift; sourceTree = "<group>"; };
		92A220F0236063B9002D1755 /* SliderCellAdaptor.swift */ = {isa = PBXFileReference; lastKnownFileType = sourcecode.swift; path = SliderCellAdaptor.swift; sourceTree = "<group>"; };
		92A220F323607BF2002D1755 /* TabTwoViewController.swift */ = {isa = PBXFileReference; lastKnownFileType = sourcecode.swift; path = TabTwoViewController.swift; sourceTree = "<group>"; };
		92A220F423607BF2002D1755 /* TabTwoViewController.xib */ = {isa = PBXFileReference; lastKnownFileType = file.xib; path = TabTwoViewController.xib; sourceTree = "<group>"; };
		92A220F723607C0C002D1755 /* TabThreeViewController.swift */ = {isa = PBXFileReference; lastKnownFileType = sourcecode.swift; path = TabThreeViewController.swift; sourceTree = "<group>"; };
		92A220F823607C0C002D1755 /* TabThreeViewController.xib */ = {isa = PBXFileReference; lastKnownFileType = file.xib; path = TabThreeViewController.xib; sourceTree = "<group>"; };
		92A220FC23607C37002D1755 /* TabFourViewController.swift */ = {isa = PBXFileReference; lastKnownFileType = sourcecode.swift; path = TabFourViewController.swift; sourceTree = "<group>"; };
		92A220FD23607C37002D1755 /* TabFourViewController.xib */ = {isa = PBXFileReference; lastKnownFileType = file.xib; path = TabFourViewController.xib; sourceTree = "<group>"; };
		92A2210023609488002D1755 /* Bridging-Header.h */ = {isa = PBXFileReference; lastKnownFileType = sourcecode.c.h; path = "Bridging-Header.h"; sourceTree = "<group>"; };
		92B44F2D2361804C00D717AB /* TabViewController.swift */ = {isa = PBXFileReference; lastKnownFileType = sourcecode.swift; path = TabViewController.swift; sourceTree = "<group>"; };
		92C5BBEA235EDFF900127B9B /* DateExtension.swift */ = {isa = PBXFileReference; lastKnownFileType = sourcecode.swift; path = DateExtension.swift; sourceTree = "<group>"; };
		92C5BBF2235EE31B00127B9B /* ArticleTableViewCell.swift */ = {isa = PBXFileReference; lastKnownFileType = sourcecode.swift; path = ArticleTableViewCell.swift; sourceTree = "<group>"; };
		92C5BBF3235EE31B00127B9B /* ArticleTableViewCell.xib */ = {isa = PBXFileReference; lastKnownFileType = file.xib; path = ArticleTableViewCell.xib; sourceTree = "<group>"; };
		92C5BBF8235EE34500127B9B /* ImagesTableViewCell.swift */ = {isa = PBXFileReference; lastKnownFileType = sourcecode.swift; path = ImagesTableViewCell.swift; sourceTree = "<group>"; };
		92C5BBF9235EE34500127B9B /* ImagesTableViewCell.xib */ = {isa = PBXFileReference; lastKnownFileType = file.xib; path = ImagesTableViewCell.xib; sourceTree = "<group>"; };
		92D95D99235754C7009B27A5 /* SabqProject.app */ = {isa = PBXFileReference; explicitFileType = wrapper.application; includeInIndex = 0; path = SabqProject.app; sourceTree = BUILT_PRODUCTS_DIR; };
		92D95D9C235754C7009B27A5 /* AppDelegate.swift */ = {isa = PBXFileReference; lastKnownFileType = sourcecode.swift; path = AppDelegate.swift; sourceTree = "<group>"; };
		92D95DA3235754C7009B27A5 /* Assets.xcassets */ = {isa = PBXFileReference; lastKnownFileType = folder.assetcatalog; path = Assets.xcassets; sourceTree = "<group>"; };
		92D95DA6235754C7009B27A5 /* Base */ = {isa = PBXFileReference; lastKnownFileType = file.storyboard; name = Base; path = Base.lproj/LaunchScreen.storyboard; sourceTree = "<group>"; };
		92D95DA8235754C7009B27A5 /* Info.plist */ = {isa = PBXFileReference; lastKnownFileType = text.plist.xml; path = Info.plist; sourceTree = "<group>"; };
		92D95DAD235754C7009B27A5 /* SabqProjectTests.xctest */ = {isa = PBXFileReference; explicitFileType = wrapper.cfbundle; includeInIndex = 0; path = SabqProjectTests.xctest; sourceTree = BUILT_PRODUCTS_DIR; };
		92D95DB1235754C7009B27A5 /* SabqProjectTests.swift */ = {isa = PBXFileReference; lastKnownFileType = sourcecode.swift; path = SabqProjectTests.swift; sourceTree = "<group>"; };
		92D95DB3235754C7009B27A5 /* Info.plist */ = {isa = PBXFileReference; lastKnownFileType = text.plist.xml; path = Info.plist; sourceTree = "<group>"; };
		92D95DB8235754C7009B27A5 /* SabqProjectUITests.xctest */ = {isa = PBXFileReference; explicitFileType = wrapper.cfbundle; includeInIndex = 0; path = SabqProjectUITests.xctest; sourceTree = BUILT_PRODUCTS_DIR; };
		92D95DBC235754C7009B27A5 /* SabqProjectUITests.swift */ = {isa = PBXFileReference; lastKnownFileType = sourcecode.swift; path = SabqProjectUITests.swift; sourceTree = "<group>"; };
		92D95DBE235754C7009B27A5 /* Info.plist */ = {isa = PBXFileReference; lastKnownFileType = text.plist.xml; path = Info.plist; sourceTree = "<group>"; };
		92D95DCD23575B81009B27A5 /* HomeSceneViewController.swift */ = {isa = PBXFileReference; lastKnownFileType = sourcecode.swift; path = HomeSceneViewController.swift; sourceTree = "<group>"; };
		92D95DCE23575B81009B27A5 /* HomeSceneViewController.xib */ = {isa = PBXFileReference; lastKnownFileType = file.xib; path = HomeSceneViewController.xib; sourceTree = "<group>"; };
		92D95DD123575B95009B27A5 /* DetailsSceneViewController.swift */ = {isa = PBXFileReference; lastKnownFileType = sourcecode.swift; path = DetailsSceneViewController.swift; sourceTree = "<group>"; };
		92D95DD223575B95009B27A5 /* DetailsSceneViewController.xib */ = {isa = PBXFileReference; lastKnownFileType = file.xib; path = DetailsSceneViewController.xib; sourceTree = "<group>"; };
		92D95DD523575BAC009B27A5 /* HomeScenePresenter.swift */ = {isa = PBXFileReference; lastKnownFileType = sourcecode.swift; path = HomeScenePresenter.swift; sourceTree = "<group>"; };
		92D95DD723575BC4009B27A5 /* HomeSceneModel.swift */ = {isa = PBXFileReference; lastKnownFileType = sourcecode.swift; path = HomeSceneModel.swift; sourceTree = "<group>"; };
		92D95DDF23575C98009B27A5 /* DetailsSceneModel.swift */ = {isa = PBXFileReference; lastKnownFileType = sourcecode.swift; path = DetailsSceneModel.swift; sourceTree = "<group>"; };
		92D95DE123575CAF009B27A5 /* DetailsScenePresenter.swift */ = {isa = PBXFileReference; lastKnownFileType = sourcecode.swift; path = DetailsScenePresenter.swift; sourceTree = "<group>"; };
		92EAFD0D2361D9340033F760 /* ShimmerViewController.swift */ = {isa = PBXFileReference; lastKnownFileType = sourcecode.swift; path = ShimmerViewController.swift; sourceTree = "<group>"; };
		92EAFD0E2361D9340033F760 /* ShimmerViewController.xib */ = {isa = PBXFileReference; lastKnownFileType = file.xib; path = ShimmerViewController.xib; sourceTree = "<group>"; };
		A681D5080056A3923EB4BDA1 /* Pods-SabqProject.debug.xcconfig */ = {isa = PBXFileReference; includeInIndex = 1; lastKnownFileType = text.xcconfig; name = "Pods-SabqProject.debug.xcconfig"; path = "Target Support Files/Pods-SabqProject/Pods-SabqProject.debug.xcconfig"; sourceTree = "<group>"; };
		C3364CBEBF5D397150EDBD44 /* Pods_SabqProjectUITests.framework */ = {isa = PBXFileReference; explicitFileType = wrapper.framework; includeInIndex = 0; path = Pods_SabqProjectUITests.framework; sourceTree = BUILT_PRODUCTS_DIR; };
		D838CDEA347CD71319929EC8 /* Pods_SabqProjectTests.framework */ = {isa = PBXFileReference; explicitFileType = wrapper.framework; includeInIndex = 0; path = Pods_SabqProjectTests.framework; sourceTree = BUILT_PRODUCTS_DIR; };
		E52A438DCB611B39A0862EA5 /* Pods-SabqProjectTests.debug.xcconfig */ = {isa = PBXFileReference; includeInIndex = 1; lastKnownFileType = text.xcconfig; name = "Pods-SabqProjectTests.debug.xcconfig"; path = "Target Support Files/Pods-SabqProjectTests/Pods-SabqProjectTests.debug.xcconfig"; sourceTree = "<group>"; };
/* End PBXFileReference section */

/* Begin PBXFrameworksBuildPhase section */
		92D95D96235754C7009B27A5 /* Frameworks */ = {
			isa = PBXFrameworksBuildPhase;
			buildActionMask = 2147483647;
			files = (
				35E05ED74871DB3C154D492A /* Pods_SabqProject.framework in Frameworks */,
			);
			runOnlyForDeploymentPostprocessing = 0;
		};
		92D95DAA235754C7009B27A5 /* Frameworks */ = {
			isa = PBXFrameworksBuildPhase;
			buildActionMask = 2147483647;
			files = (
				E3230097FEDDE62930742054 /* Pods_SabqProjectTests.framework in Frameworks */,
			);
			runOnlyForDeploymentPostprocessing = 0;
		};
		92D95DB5235754C7009B27A5 /* Frameworks */ = {
			isa = PBXFrameworksBuildPhase;
			buildActionMask = 2147483647;
			files = (
				60A64B823B817F027E1A44C0 /* Pods_SabqProjectUITests.framework in Frameworks */,
			);
			runOnlyForDeploymentPostprocessing = 0;
		};
/* End PBXFrameworksBuildPhase section */

/* Begin PBXGroup section */
		3BF3610A114BAF9BCA5BDF0E /* Frameworks */ = {
			isa = PBXGroup;
			children = (
				00C300770F7CEC556C9A7409 /* Pods_SabqProject.framework */,
				D838CDEA347CD71319929EC8 /* Pods_SabqProjectTests.framework */,
				C3364CBEBF5D397150EDBD44 /* Pods_SabqProjectUITests.framework */,
			);
			name = Frameworks;
			sourceTree = "<group>";
		};
		7135304C6E4158DC129318DF /* Pods */ = {
			isa = PBXGroup;
			children = (
				A681D5080056A3923EB4BDA1 /* Pods-SabqProject.debug.xcconfig */,
				32F09598BF7E3C5167F7ACEE /* Pods-SabqProject.release.xcconfig */,
				8CD857100AB60C1204DBB4BD /* Pods-SabqProject-SabqProjectUITests.debug.xcconfig */,
				6BE210E6174C02CAE1DF0397 /* Pods-SabqProject-SabqProjectUITests.release.xcconfig */,
				E52A438DCB611B39A0862EA5 /* Pods-SabqProjectTests.debug.xcconfig */,
				39AFDC26EA1A47F283002A9F /* Pods-SabqProjectTests.release.xcconfig */,
				4961A30E4D25CB03135DF6DA /* Pods-SabqProjectUITests.debug.xcconfig */,
				73F84F3B5D3FE27C3292C342 /* Pods-SabqProjectUITests.release.xcconfig */,
			);
			path = Pods;
			sourceTree = "<group>";
		};
		9205541423584CA600F3079C /* Network */ = {
			isa = PBXGroup;
			children = (
				9205541523584D0100F3079C /* Core */,
				9205541C23584DAF00F3079C /* HomeData */,
			);
			path = Network;
			sourceTree = "<group>";
		};
		9205541523584D0100F3079C /* Core */ = {
			isa = PBXGroup;
			children = (
				9205541623584D5400F3079C /* NetworkDefaults.swift */,
				9205541A23584DA400F3079C /* NetworkManager.swift */,
				9205544A2358920900F3079C /* StaticHeaderPlugin.swift */,
			);
			path = Core;
			sourceTree = "<group>";
		};
		9205541C23584DAF00F3079C /* HomeData */ = {
			isa = PBXGroup;
			children = (
				9252A64D235C8F910099EF0E /* MoyaService.swift */,
				9252A64F235C93C30099EF0E /* NetworkCall.swift */,
			);
			path = HomeData;
			sourceTree = "<group>";
		};
		9205541F2358697600F3079C /* HomeSceneModule */ = {
			isa = PBXGroup;
			children = (
				92055421235869BB00F3079C /* HomeSceneModule.swift */,
			);
			path = HomeSceneModule;
			sourceTree = "<group>";
		};
		920554202358698300F3079C /* Utilities */ = {
			isa = PBXGroup;
			children = (
				9205542623586CF000F3079C /* UserDefaults.swift */,
				92055450235899AC00F3079C /* UIColorExtension.swift */,
				9212E8EF235DE54E00BEBD0B /* StringExtension.swift */,
				92C5BBEA235EDFF900127B9B /* DateExtension.swift */,
			);
			path = Utilities;
			sourceTree = "<group>";
		};
		9205542323586A2300F3079C /* DetailsSceneModule */ = {
			isa = PBXGroup;
			children = (
				9205542423586A4100F3079C /* DetailsSceneModule.swift */,
			);
			path = DetailsSceneModule;
			sourceTree = "<group>";
		};
		9205542E23586E1D00F3079C /* BaseProtocols */ = {
			isa = PBXGroup;
			children = (
				9205542F23586E3300F3079C /* BaseViewProtocol.swift */,
				9205543123586E4E00F3079C /* BaseModelProtocol.swift */,
				9205543323586E5F00F3079C /* BasePresenterProtocol.swift */,
			);
			path = BaseProtocols;
			sourceTree = "<group>";
		};
		9205543523586E7F00F3079C /* HomeSceneProtocols */ = {
			isa = PBXGroup;
			children = (
				9205543623586E9300F3079C /* HomeSceneViewProtocol.swift */,
				9205543823586EA200F3079C /* HomeSceneModelProtocol.swift */,
				9205543A23586EB300F3079C /* HomeScenePresenterProtocol.swift */,
			);
			path = HomeSceneProtocols;
			sourceTree = "<group>";
		};
		9205544123588E2700F3079C /* DetailsSceneProtocols */ = {
			isa = PBXGroup;
			children = (
				9205544223588E4900F3079C /* DetailsSceneViewProtocol.swift */,
				9205544423588E5F00F3079C /* DetailsSceneModelProtocol.swift */,
				9205544623588E7200F3079C /* DetailsScenePresenterProtocol.swift */,
			);
			path = DetailsSceneProtocols;
			sourceTree = "<group>";
		};
		9209F5A42361C0C900C55DF0 /* HomeShimmer */ = {
			isa = PBXGroup;
			children = (
				92EAFD0D2361D9340033F760 /* ShimmerViewController.swift */,
				92EAFD0E2361D9340033F760 /* ShimmerViewController.xib */,
			);
			path = HomeShimmer;
			sourceTree = "<group>";
		};
		9212E8DD235DC11500BEBD0B /* Home Videos */ = {
			isa = PBXGroup;
			children = (
				9212E8DF235DC2EF00BEBD0B /* HomeImagesVideoResponse.swift */,
				9212E8E5235DCC9100BEBD0B /* Comics.swift */,
			);
			path = "Home Videos";
			sourceTree = "<group>";
		};
		9212E8DE235DC12000BEBD0B /* Home Articles */ = {
			isa = PBXGroup;
			children = (
				9212E8E1235DC30200BEBD0B /* HomeArticlesResponse.swift */,
			);
			path = "Home Articles";
			sourceTree = "<group>";
		};
		9252A65F235C971A0099EF0E /* Home Material */ = {
			isa = PBXGroup;
			children = (
				9252A653235C946F0099EF0E /* HomeMaterialResponse.swift */,
				9252A655235C953F0099EF0E /* Slider.swift */,
				9252A657235C95520099EF0E /* Materials.swift */,
				9252A659235C956C0099EF0E /* Tags.swift */,
				9252A65B235C95780099EF0E /* Videos.swift */,
				9252A65D235C96450099EF0E /* Images.swift */,
				9212E8D9235D9DD500BEBD0B /* Attachements.swift */,
			);
			path = "Home Material";
			sourceTree = "<group>";
		};
		92A220FB23607C12002D1755 /* TabViews */ = {
			isa = PBXGroup;
			children = (
				92B44F2D2361804C00D717AB /* TabViewController.swift */,
				92A220F323607BF2002D1755 /* TabTwoViewController.swift */,
				92A220F423607BF2002D1755 /* TabTwoViewController.xib */,
				92A220F723607C0C002D1755 /* TabThreeViewController.swift */,
				92A220F823607C0C002D1755 /* TabThreeViewController.xib */,
				92A220FC23607C37002D1755 /* TabFourViewController.swift */,
				92A220FD23607C37002D1755 /* TabFourViewController.xib */,
			);
			path = TabViews;
			sourceTree = "<group>";
		};
		92C5BBEC235EE24600127B9B /* VideoCell */ = {
			isa = PBXGroup;
			children = (
				9252A63D235C648F0099EF0E /* HomeVideosCollectionViewCell.swift */,
				9252A63E235C648F0099EF0E /* HomeVideosCollectionViewCell.xib */,
				9212E8F1235DE9C900BEBD0B /* HomeVideoTableViewCell.swift */,
				9212E8F2235DE9C900BEBD0B /* HomeVideoTableViewCell.xib */,
				92A220EA2360408C002D1755 /* VideoCellAdaptor.swift */,
			);
			path = VideoCell;
			sourceTree = "<group>";
		};
		92C5BBED235EE25000127B9B /* ImageCell */ = {
			isa = PBXGroup;
			children = (
				9252A641235C7B020099EF0E /* ImagesCollectionViewCell.swift */,
				9252A642235C7B020099EF0E /* ImagesCollectionViewCell.xib */,
				92C5BBF8235EE34500127B9B /* ImagesTableViewCell.swift */,
				92C5BBF9235EE34500127B9B /* ImagesTableViewCell.xib */,
				92A220EC236043FD002D1755 /* ImageCellAdaptor.swift */,
			);
			path = ImageCell;
			sourceTree = "<group>";
		};
		92C5BBEE235EE25C00127B9B /* ArticleCell */ = {
			isa = PBXGroup;
			children = (
				9252A645235C7B260099EF0E /* ArticlesCollectionViewCell.swift */,
				9252A646235C7B260099EF0E /* ArticlesCollectionViewCell.xib */,
				92C5BBF2235EE31B00127B9B /* ArticleTableViewCell.swift */,
				92C5BBF3235EE31B00127B9B /* ArticleTableViewCell.xib */,
				92A220EE23604E58002D1755 /* ArticleCellAdaptor.swift */,
			);
			path = ArticleCell;
			sourceTree = "<group>";
		};
		92C5BBEF235EE26C00127B9B /* NewsCell */ = {
			isa = PBXGroup;
			children = (
				9252A631235C5C3A0099EF0E /* HomeTableViewCell.swift */,
				9252A632235C5C3A0099EF0E /* HomeTableViewCell.xib */,
			);
			path = NewsCell;
			sourceTree = "<group>";
		};
		92C5BBF0235EE2AA00127B9B /* SliderCell */ = {
			isa = PBXGroup;
			children = (
				9205544C2358964B00F3079C /* HomeFirstSectionViewController.swift */,
				9205544D2358964B00F3079C /* HomeFirstSectionViewController.xib */,
				9252A639235C633C0099EF0E /* SliderTableViewCell.swift */,
				9252A63A235C633C0099EF0E /* SliderTableViewCell.xib */,
				92A220F0236063B9002D1755 /* SliderCellAdaptor.swift */,
			);
			path = SliderCell;
			sourceTree = "<group>";
		};
		92C5BBF1235EE2D700127B9B /* HomeTableView */ = {
			isa = PBXGroup;
			children = (
				9205543F2358783600F3079C /* HomeSceneViewAdptor.swift */,
				92D95DCD23575B81009B27A5 /* HomeSceneViewController.swift */,
				92D95DCE23575B81009B27A5 /* HomeSceneViewController.xib */,
			);
			path = HomeTableView;
			sourceTree = "<group>";
		};
		92D95D90235754C7009B27A5 = {
			isa = PBXGroup;
			children = (
				92D95D9B235754C7009B27A5 /* SabqProject */,
				92D95DB0235754C7009B27A5 /* SabqProjectTests */,
				92D95DBB235754C7009B27A5 /* SabqProjectUITests */,
				92D95D9A235754C7009B27A5 /* Products */,
				7135304C6E4158DC129318DF /* Pods */,
				3BF3610A114BAF9BCA5BDF0E /* Frameworks */,
			);
			sourceTree = "<group>";
		};
		92D95D9A235754C7009B27A5 /* Products */ = {
			isa = PBXGroup;
			children = (
				92D95D99235754C7009B27A5 /* SabqProject.app */,
				92D95DAD235754C7009B27A5 /* SabqProjectTests.xctest */,
				92D95DB8235754C7009B27A5 /* SabqProjectUITests.xctest */,
			);
			name = Products;
			sourceTree = "<group>";
		};
		92D95D9B235754C7009B27A5 /* SabqProject */ = {
			isa = PBXGroup;
			children = (
				92D95DE323575CC3009B27A5 /* AppDelegate */,
				92D95DCA23575B35009B27A5 /* Scenes */,
				92D95DE723575D75009B27A5 /* Base */,
				92D95DE823575D91009B27A5 /* Entity */,
				9205541423584CA600F3079C /* Network */,
				92D95DE523575D3A009B27A5 /* Resources */,
				92D95DE623575D44009B27A5 /* UI */,
				920554202358698300F3079C /* Utilities */,
				92D95DE423575D11009B27A5 /* SupportingFiles */,
			);
			path = SabqProject;
			sourceTree = "<group>";
		};
		92D95DB0235754C7009B27A5 /* SabqProjectTests */ = {
			isa = PBXGroup;
			children = (
				92D95DB1235754C7009B27A5 /* SabqProjectTests.swift */,
				92D95DB3235754C7009B27A5 /* Info.plist */,
			);
			path = SabqProjectTests;
			sourceTree = "<group>";
		};
		92D95DBB235754C7009B27A5 /* SabqProjectUITests */ = {
			isa = PBXGroup;
			children = (
				92D95DBC235754C7009B27A5 /* SabqProjectUITests.swift */,
				92D95DBE235754C7009B27A5 /* Info.plist */,
			);
			path = SabqProjectUITests;
			sourceTree = "<group>";
		};
		92D95DCA23575B35009B27A5 /* Scenes */ = {
			isa = PBXGroup;
			children = (
				92A220FB23607C12002D1755 /* TabViews */,
				92D95DCB23575B51009B27A5 /* HomeScene */,
				92D95DCC23575B59009B27A5 /* DetailsScene */,
			);
			path = Scenes;
			sourceTree = "<group>";
		};
		92D95DCB23575B51009B27A5 /* HomeScene */ = {
			isa = PBXGroup;
			children = (
				9205543523586E7F00F3079C /* HomeSceneProtocols */,
				9205541F2358697600F3079C /* HomeSceneModule */,
				92D95DDB23575BF3009B27A5 /* HomeSceneModel */,
				92D95DDA23575BE3009B27A5 /* HomeSceneView */,
				92D95DD923575BCE009B27A5 /* HomeScenePresenter */,
			);
			path = HomeScene;
			sourceTree = "<group>";
		};
		92D95DCC23575B59009B27A5 /* DetailsScene */ = {
			isa = PBXGroup;
			children = (
				9205544123588E2700F3079C /* DetailsSceneProtocols */,
				9205542323586A2300F3079C /* DetailsSceneModule */,
				92D95DDE23575C69009B27A5 /* DetailsSceneModel */,
				92D95DDD23575C59009B27A5 /* DetailsSceneView */,
				92D95DDC23575C37009B27A5 /* DetailsScenePresenter */,
			);
			path = DetailsScene;
			sourceTree = "<group>";
		};
		92D95DD923575BCE009B27A5 /* HomeScenePresenter */ = {
			isa = PBXGroup;
			children = (
				92D95DD523575BAC009B27A5 /* HomeScenePresenter.swift */,
			);
			path = HomeScenePresenter;
			sourceTree = "<group>";
		};
		92D95DDA23575BE3009B27A5 /* HomeSceneView */ = {
			isa = PBXGroup;
			children = (
				9209F5A42361C0C900C55DF0 /* HomeShimmer */,
				92C5BBF1235EE2D700127B9B /* HomeTableView */,
				92C5BBF0235EE2AA00127B9B /* SliderCell */,
				92C5BBEF235EE26C00127B9B /* NewsCell */,
				92C5BBEE235EE25C00127B9B /* ArticleCell */,
				92C5BBED235EE25000127B9B /* ImageCell */,
				92C5BBEC235EE24600127B9B /* VideoCell */,
			);
			path = HomeSceneView;
			sourceTree = "<group>";
		};
		92D95DDB23575BF3009B27A5 /* HomeSceneModel */ = {
			isa = PBXGroup;
			children = (
				92D95DD723575BC4009B27A5 /* HomeSceneModel.swift */,
			);
			path = HomeSceneModel;
			sourceTree = "<group>";
		};
		92D95DDC23575C37009B27A5 /* DetailsScenePresenter */ = {
			isa = PBXGroup;
			children = (
				92D95DE123575CAF009B27A5 /* DetailsScenePresenter.swift */,
			);
			path = DetailsScenePresenter;
			sourceTree = "<group>";
		};
		92D95DDD23575C59009B27A5 /* DetailsSceneView */ = {
			isa = PBXGroup;
			children = (
				92D95DD123575B95009B27A5 /* DetailsSceneViewController.swift */,
				92D95DD223575B95009B27A5 /* DetailsSceneViewController.xib */,
				9205544823588F3A00F3079C /* DetailsViewAdaptor.swift */,
			);
			path = DetailsSceneView;
			sourceTree = "<group>";
		};
		92D95DDE23575C69009B27A5 /* DetailsSceneModel */ = {
			isa = PBXGroup;
			children = (
				92D95DDF23575C98009B27A5 /* DetailsSceneModel.swift */,
			);
			path = DetailsSceneModel;
			sourceTree = "<group>";
		};
		92D95DE323575CC3009B27A5 /* AppDelegate */ = {
			isa = PBXGroup;
			children = (
				92D95D9C235754C7009B27A5 /* AppDelegate.swift */,
				9205541D2358690000F3079C /* AppDelegate+Extensions.swift */,
			);
			path = AppDelegate;
			sourceTree = "<group>";
		};
		92D95DE423575D11009B27A5 /* SupportingFiles */ = {
			isa = PBXGroup;
			children = (
				92A2210023609488002D1755 /* Bridging-Header.h */,
				92D95DA8235754C7009B27A5 /* Info.plist */,
			);
			path = SupportingFiles;
			sourceTree = "<group>";
		};
		92D95DE523575D3A009B27A5 /* Resources */ = {
			isa = PBXGroup;
			children = (
				92D95DA3235754C7009B27A5 /* Assets.xcassets */,
			);
			path = Resources;
			sourceTree = "<group>";
		};
		92D95DE623575D44009B27A5 /* UI */ = {
			isa = PBXGroup;
			children = (
				92D95DA5235754C7009B27A5 /* LaunchScreen.storyboard */,
			);
			path = UI;
			sourceTree = "<group>";
		};
		92D95DE723575D75009B27A5 /* Base */ = {
			isa = PBXGroup;
			children = (
				9205542823586DED00F3079C /* BaseViewController.swift */,
				9205542A23586E0700F3079C /* BaseModel.swift */,
				9205542C23586E1900F3079C /* BasePresenter.swift */,
				9205543D2358752400F3079C /* BaseViewAdaptor.swift */,
				9205542E23586E1D00F3079C /* BaseProtocols */,
			);
			path = Base;
			sourceTree = "<group>";
		};
		92D95DE823575D91009B27A5 /* Entity */ = {
			isa = PBXGroup;
			children = (
				9212E8DE235DC12000BEBD0B /* Home Articles */,
				9212E8DD235DC11500BEBD0B /* Home Videos */,
				9252A65F235C971A0099EF0E /* Home Material */,
			);
			path = Entity;
			sourceTree = "<group>";
		};
/* End PBXGroup section */

/* Begin PBXNativeTarget section */
		92D95D98235754C7009B27A5 /* SabqProject */ = {
			isa = PBXNativeTarget;
			buildConfigurationList = 92D95DC1235754C7009B27A5 /* Build configuration list for PBXNativeTarget "SabqProject" */;
			buildPhases = (
				523D39F926D0CF1BDE34A4D1 /* [CP] Check Pods Manifest.lock */,
				92D95D95235754C7009B27A5 /* Sources */,
				92D95D96235754C7009B27A5 /* Frameworks */,
				92D95D97235754C7009B27A5 /* Resources */,
				F7CB9E1EE7B08FD21BEE4F4F /* [CP] Embed Pods Frameworks */,
			);
			buildRules = (
			);
			dependencies = (
			);
			name = SabqProject;
			productName = SabqProject;
			productReference = 92D95D99235754C7009B27A5 /* SabqProject.app */;
			productType = "com.apple.product-type.application";
		};
		92D95DAC235754C7009B27A5 /* SabqProjectTests */ = {
			isa = PBXNativeTarget;
			buildConfigurationList = 92D95DC4235754C7009B27A5 /* Build configuration list for PBXNativeTarget "SabqProjectTests" */;
			buildPhases = (
				232DC2E02DE26E07D1556C15 /* [CP] Check Pods Manifest.lock */,
				92D95DA9235754C7009B27A5 /* Sources */,
				92D95DAA235754C7009B27A5 /* Frameworks */,
				92D95DAB235754C7009B27A5 /* Resources */,
			);
			buildRules = (
			);
			dependencies = (
				92D95DAF235754C7009B27A5 /* PBXTargetDependency */,
			);
			name = SabqProjectTests;
			productName = SabqProjectTests;
			productReference = 92D95DAD235754C7009B27A5 /* SabqProjectTests.xctest */;
			productType = "com.apple.product-type.bundle.unit-test";
		};
		92D95DB7235754C7009B27A5 /* SabqProjectUITests */ = {
			isa = PBXNativeTarget;
			buildConfigurationList = 92D95DC7235754C7009B27A5 /* Build configuration list for PBXNativeTarget "SabqProjectUITests" */;
			buildPhases = (
				5A02874AD08DC3F0A76741C4 /* [CP] Check Pods Manifest.lock */,
				92D95DB4235754C7009B27A5 /* Sources */,
				92D95DB5235754C7009B27A5 /* Frameworks */,
				92D95DB6235754C7009B27A5 /* Resources */,
			);
			buildRules = (
			);
			dependencies = (
				92D95DBA235754C7009B27A5 /* PBXTargetDependency */,
			);
			name = SabqProjectUITests;
			productName = SabqProjectUITests;
			productReference = 92D95DB8235754C7009B27A5 /* SabqProjectUITests.xctest */;
			productType = "com.apple.product-type.bundle.ui-testing";
		};
/* End PBXNativeTarget section */

/* Begin PBXProject section */
		92D95D91235754C7009B27A5 /* Project object */ = {
			isa = PBXProject;
			attributes = {
				LastSwiftUpdateCheck = 1030;
				LastUpgradeCheck = 1030;
				ORGANIZATIONNAME = sara.galal;
				TargetAttributes = {
					92D95D98235754C7009B27A5 = {
						CreatedOnToolsVersion = 10.3;
					};
					92D95DAC235754C7009B27A5 = {
						CreatedOnToolsVersion = 10.3;
						TestTargetID = 92D95D98235754C7009B27A5;
					};
					92D95DB7235754C7009B27A5 = {
						CreatedOnToolsVersion = 10.3;
						TestTargetID = 92D95D98235754C7009B27A5;
					};
				};
			};
			buildConfigurationList = 92D95D94235754C7009B27A5 /* Build configuration list for PBXProject "SabqProject" */;
			compatibilityVersion = "Xcode 9.3";
			developmentRegion = en;
			hasScannedForEncodings = 0;
			knownRegions = (
				en,
				Base,
			);
			mainGroup = 92D95D90235754C7009B27A5;
			productRefGroup = 92D95D9A235754C7009B27A5 /* Products */;
			projectDirPath = "";
			projectRoot = "";
			targets = (
				92D95D98235754C7009B27A5 /* SabqProject */,
				92D95DAC235754C7009B27A5 /* SabqProjectTests */,
				92D95DB7235754C7009B27A5 /* SabqProjectUITests */,
			);
		};
/* End PBXProject section */

/* Begin PBXResourcesBuildPhase section */
		92D95D97235754C7009B27A5 /* Resources */ = {
			isa = PBXResourcesBuildPhase;
			buildActionMask = 2147483647;
			files = (
				92D95DA7235754C7009B27A5 /* LaunchScreen.storyboard in Resources */,
				9252A634235C5C3A0099EF0E /* HomeTableViewCell.xib in Resources */,
				92D95DA4235754C7009B27A5 /* Assets.xcassets in Resources */,
				9252A644235C7B020099EF0E /* ImagesCollectionViewCell.xib in Resources */,
				92C5BBF5235EE31B00127B9B /* ArticleTableViewCell.xib in Resources */,
				92D95DD423575B95009B27A5 /* DetailsSceneViewController.xib in Resources */,
				9212E8F4235DE9C900BEBD0B /* HomeVideoTableViewCell.xib in Resources */,
				9252A648235C7B260099EF0E /* ArticlesCollectionViewCell.xib in Resources */,
				92EAFD102361D9340033F760 /* ShimmerViewController.xib in Resources */,
				92A220FA23607C0C002D1755 /* TabThreeViewController.xib in Resources */,
				92D95DD023575B81009B27A5 /* HomeSceneViewController.xib in Resources */,
				9252A63C235C633C0099EF0E /* SliderTableViewCell.xib in Resources */,
				9252A640235C648F0099EF0E /* HomeVideosCollectionViewCell.xib in Resources */,
				92A220FF23607C37002D1755 /* TabFourViewController.xib in Resources */,
				92A220F623607BF2002D1755 /* TabTwoViewController.xib in Resources */,
				92C5BBFB235EE34500127B9B /* ImagesTableViewCell.xib in Resources */,
				9205544F2358964B00F3079C /* HomeFirstSectionViewController.xib in Resources */,
			);
			runOnlyForDeploymentPostprocessing = 0;
		};
		92D95DAB235754C7009B27A5 /* Resources */ = {
			isa = PBXResourcesBuildPhase;
			buildActionMask = 2147483647;
			files = (
			);
			runOnlyForDeploymentPostprocessing = 0;
		};
		92D95DB6235754C7009B27A5 /* Resources */ = {
			isa = PBXResourcesBuildPhase;
			buildActionMask = 2147483647;
			files = (
			);
			runOnlyForDeploymentPostprocessing = 0;
		};
/* End PBXResourcesBuildPhase section */

/* Begin PBXShellScriptBuildPhase section */
		232DC2E02DE26E07D1556C15 /* [CP] Check Pods Manifest.lock */ = {
			isa = PBXShellScriptBuildPhase;
			buildActionMask = 2147483647;
			files = (
			);
			inputFileListPaths = (
			);
			inputPaths = (
				"${PODS_PODFILE_DIR_PATH}/Podfile.lock",
				"${PODS_ROOT}/Manifest.lock",
			);
			name = "[CP] Check Pods Manifest.lock";
			outputFileListPaths = (
			);
			outputPaths = (
				"$(DERIVED_FILE_DIR)/Pods-SabqProjectTests-checkManifestLockResult.txt",
			);
			runOnlyForDeploymentPostprocessing = 0;
			shellPath = /bin/sh;
			shellScript = "diff \"${PODS_PODFILE_DIR_PATH}/Podfile.lock\" \"${PODS_ROOT}/Manifest.lock\" > /dev/null\nif [ $? != 0 ] ; then\n    # print error to STDERR\n    echo \"error: The sandbox is not in sync with the Podfile.lock. Run 'pod install' or update your CocoaPods installation.\" >&2\n    exit 1\nfi\n# This output is used by Xcode 'outputs' to avoid re-running this script phase.\necho \"SUCCESS\" > \"${SCRIPT_OUTPUT_FILE_0}\"\n";
			showEnvVarsInLog = 0;
		};
		523D39F926D0CF1BDE34A4D1 /* [CP] Check Pods Manifest.lock */ = {
			isa = PBXShellScriptBuildPhase;
			buildActionMask = 2147483647;
			files = (
			);
			inputFileListPaths = (
			);
			inputPaths = (
				"${PODS_PODFILE_DIR_PATH}/Podfile.lock",
				"${PODS_ROOT}/Manifest.lock",
			);
			name = "[CP] Check Pods Manifest.lock";
			outputFileListPaths = (
			);
			outputPaths = (
				"$(DERIVED_FILE_DIR)/Pods-SabqProject-checkManifestLockResult.txt",
			);
			runOnlyForDeploymentPostprocessing = 0;
			shellPath = /bin/sh;
			shellScript = "diff \"${PODS_PODFILE_DIR_PATH}/Podfile.lock\" \"${PODS_ROOT}/Manifest.lock\" > /dev/null\nif [ $? != 0 ] ; then\n    # print error to STDERR\n    echo \"error: The sandbox is not in sync with the Podfile.lock. Run 'pod install' or update your CocoaPods installation.\" >&2\n    exit 1\nfi\n# This output is used by Xcode 'outputs' to avoid re-running this script phase.\necho \"SUCCESS\" > \"${SCRIPT_OUTPUT_FILE_0}\"\n";
			showEnvVarsInLog = 0;
		};
		5A02874AD08DC3F0A76741C4 /* [CP] Check Pods Manifest.lock */ = {
			isa = PBXShellScriptBuildPhase;
			buildActionMask = 2147483647;
			files = (
			);
			inputFileListPaths = (
			);
			inputPaths = (
				"${PODS_PODFILE_DIR_PATH}/Podfile.lock",
				"${PODS_ROOT}/Manifest.lock",
			);
			name = "[CP] Check Pods Manifest.lock";
			outputFileListPaths = (
			);
			outputPaths = (
				"$(DERIVED_FILE_DIR)/Pods-SabqProjectUITests-checkManifestLockResult.txt",
			);
			runOnlyForDeploymentPostprocessing = 0;
			shellPath = /bin/sh;
			shellScript = "diff \"${PODS_PODFILE_DIR_PATH}/Podfile.lock\" \"${PODS_ROOT}/Manifest.lock\" > /dev/null\nif [ $? != 0 ] ; then\n    # print error to STDERR\n    echo \"error: The sandbox is not in sync with the Podfile.lock. Run 'pod install' or update your CocoaPods installation.\" >&2\n    exit 1\nfi\n# This output is used by Xcode 'outputs' to avoid re-running this script phase.\necho \"SUCCESS\" > \"${SCRIPT_OUTPUT_FILE_0}\"\n";
			showEnvVarsInLog = 0;
		};
		F7CB9E1EE7B08FD21BEE4F4F /* [CP] Embed Pods Frameworks */ = {
			isa = PBXShellScriptBuildPhase;
			buildActionMask = 2147483647;
			files = (
			);
			inputFileListPaths = (
				"${PODS_ROOT}/Target Support Files/Pods-SabqProject/Pods-SabqProject-frameworks-${CONFIGURATION}-input-files.xcfilelist",
			);
			name = "[CP] Embed Pods Frameworks";
			outputFileListPaths = (
				"${PODS_ROOT}/Target Support Files/Pods-SabqProject/Pods-SabqProject-frameworks-${CONFIGURATION}-output-files.xcfilelist",
			);
			runOnlyForDeploymentPostprocessing = 0;
			shellPath = /bin/sh;
			shellScript = "\"${PODS_ROOT}/Target Support Files/Pods-SabqProject/Pods-SabqProject-frameworks.sh\"\n";
			showEnvVarsInLog = 0;
		};
/* End PBXShellScriptBuildPhase section */

/* Begin PBXSourcesBuildPhase section */
		92D95D95235754C7009B27A5 /* Sources */ = {
			isa = PBXSourcesBuildPhase;
			buildActionMask = 2147483647;
			files = (
				9252A65E235C96450099EF0E /* Images.swift in Sources */,
				920554402358783600F3079C /* HomeSceneViewAdptor.swift in Sources */,
				9212E8DA235D9DD500BEBD0B /* Attachements.swift in Sources */,
				9205544723588E7200F3079C /* DetailsScenePresenterProtocol.swift in Sources */,
				92A220F1236063B9002D1755 /* SliderCellAdaptor.swift in Sources */,
				9205543E2358752400F3079C /* BaseViewAdaptor.swift in Sources */,
				92C5BBEB235EDFF900127B9B /* DateExtension.swift in Sources */,
				92A220F523607BF2002D1755 /* TabTwoViewController.swift in Sources */,
				9205541E2358690000F3079C /* AppDelegate+Extensions.swift in Sources */,
				9205544523588E5F00F3079C /* DetailsSceneModelProtocol.swift in Sources */,
				92C5BBFA235EE34500127B9B /* ImagesTableViewCell.swift in Sources */,
				9205542D23586E1900F3079C /* BasePresenter.swift in Sources */,
				9212E8F0235DE54E00BEBD0B /* StringExtension.swift in Sources */,
				92B44F2E2361804C00D717AB /* TabViewController.swift in Sources */,
				9205544E2358964B00F3079C /* HomeFirstSectionViewController.swift in Sources */,
				9205543723586E9300F3079C /* HomeSceneViewProtocol.swift in Sources */,
				9252A658235C95520099EF0E /* Materials.swift in Sources */,
				92055422235869BB00F3079C /* HomeSceneModule.swift in Sources */,
				9205541B23584DA400F3079C /* NetworkManager.swift in Sources */,
				9212E8F3235DE9C900BEBD0B /* HomeVideoTableViewCell.swift in Sources */,
				9252A63F235C648F0099EF0E /* HomeVideosCollectionViewCell.swift in Sources */,
				92A220EF23604E58002D1755 /* ArticleCellAdaptor.swift in Sources */,
				9205543223586E4E00F3079C /* BaseModelProtocol.swift in Sources */,
				92EAFD0F2361D9340033F760 /* ShimmerViewController.swift in Sources */,
				9212E8E6235DCC9100BEBD0B /* Comics.swift in Sources */,
				9205543B23586EB300F3079C /* HomeScenePresenterProtocol.swift in Sources */,
				92D95DD323575B95009B27A5 /* DetailsSceneViewController.swift in Sources */,
				9205542723586CF000F3079C /* UserDefaults.swift in Sources */,
				9252A647235C7B260099EF0E /* ArticlesCollectionViewCell.swift in Sources */,
				9205542923586DED00F3079C /* BaseViewController.swift in Sources */,
				9205544323588E4900F3079C /* DetailsSceneViewProtocol.swift in Sources */,
				92D95DE023575C98009B27A5 /* DetailsSceneModel.swift in Sources */,
				9252A654235C946F0099EF0E /* HomeMaterialResponse.swift in Sources */,
				92055451235899AC00F3079C /* UIColorExtension.swift in Sources */,
				92A220EB2360408C002D1755 /* VideoCellAdaptor.swift in Sources */,
				9205542523586A4100F3079C /* DetailsSceneModule.swift in Sources */,
				9252A65A235C956C0099EF0E /* Tags.swift in Sources */,
				92A220ED236043FD002D1755 /* ImageCellAdaptor.swift in Sources */,
				9205541723584D5400F3079C /* NetworkDefaults.swift in Sources */,
				9205542B23586E0700F3079C /* BaseModel.swift in Sources */,
				9252A63B235C633C0099EF0E /* SliderTableViewCell.swift in Sources */,
				9252A64E235C8F910099EF0E /* MoyaService.swift in Sources */,
				92D95DCF23575B81009B27A5 /* HomeSceneViewController.swift in Sources */,
				9205543423586E5F00F3079C /* BasePresenterProtocol.swift in Sources */,
				92D95DD823575BC4009B27A5 /* HomeSceneModel.swift in Sources */,
				9205543923586EA200F3079C /* HomeSceneModelProtocol.swift in Sources */,
				9212E8E0235DC2EF00BEBD0B /* HomeImagesVideoResponse.swift in Sources */,
				9212E8E2235DC30200BEBD0B /* HomeArticlesResponse.swift in Sources */,
				92C5BBF4235EE31B00127B9B /* ArticleTableViewCell.swift in Sources */,
				9205544923588F3A00F3079C /* DetailsViewAdaptor.swift in Sources */,
				92D95DD623575BAD009B27A5 /* HomeScenePresenter.swift in Sources */,
				9252A65C235C95780099EF0E /* Videos.swift in Sources */,
				92D95DE223575CAF009B27A5 /* DetailsScenePresenter.swift in Sources */,
				9252A650235C93C30099EF0E /* NetworkCall.swift in Sources */,
				92A220FE23607C37002D1755 /* TabFourViewController.swift in Sources */,
				92A220F923607C0C002D1755 /* TabThreeViewController.swift in Sources */,
				9205544B2358920900F3079C /* StaticHeaderPlugin.swift in Sources */,
				92D95D9D235754C7009B27A5 /* AppDelegate.swift in Sources */,
				9252A656235C953F0099EF0E /* Slider.swift in Sources */,
				9252A633235C5C3A0099EF0E /* HomeTableViewCell.swift in Sources */,
				9252A643235C7B020099EF0E /* ImagesCollectionViewCell.swift in Sources */,
				9205543023586E3300F3079C /* BaseViewProtocol.swift in Sources */,
			);
			runOnlyForDeploymentPostprocessing = 0;
		};
		92D95DA9235754C7009B27A5 /* Sources */ = {
			isa = PBXSourcesBuildPhase;
			buildActionMask = 2147483647;
			files = (
				92D95DB2235754C7009B27A5 /* SabqProjectTests.swift in Sources */,
			);
			runOnlyForDeploymentPostprocessing = 0;
		};
		92D95DB4235754C7009B27A5 /* Sources */ = {
			isa = PBXSourcesBuildPhase;
			buildActionMask = 2147483647;
			files = (
				92D95DBD235754C7009B27A5 /* SabqProjectUITests.swift in Sources */,
			);
			runOnlyForDeploymentPostprocessing = 0;
		};
/* End PBXSourcesBuildPhase section */

/* Begin PBXTargetDependency section */
		92D95DAF235754C7009B27A5 /* PBXTargetDependency */ = {
			isa = PBXTargetDependency;
			target = 92D95D98235754C7009B27A5 /* SabqProject */;
			targetProxy = 92D95DAE235754C7009B27A5 /* PBXContainerItemProxy */;
		};
		92D95DBA235754C7009B27A5 /* PBXTargetDependency */ = {
			isa = PBXTargetDependency;
			target = 92D95D98235754C7009B27A5 /* SabqProject */;
			targetProxy = 92D95DB9235754C7009B27A5 /* PBXContainerItemProxy */;
		};
/* End PBXTargetDependency section */

/* Begin PBXVariantGroup section */
		92D95DA5235754C7009B27A5 /* LaunchScreen.storyboard */ = {
			isa = PBXVariantGroup;
			children = (
				92D95DA6235754C7009B27A5 /* Base */,
			);
			name = LaunchScreen.storyboard;
			sourceTree = "<group>";
		};
/* End PBXVariantGroup section */

/* Begin XCBuildConfiguration section */
		92D95DBF235754C7009B27A5 /* Debug */ = {
			isa = XCBuildConfiguration;
			buildSettings = {
				ALWAYS_SEARCH_USER_PATHS = NO;
				CLANG_ANALYZER_NONNULL = YES;
				CLANG_ANALYZER_NUMBER_OBJECT_CONVERSION = YES_AGGRESSIVE;
				CLANG_CXX_LANGUAGE_STANDARD = "gnu++14";
				CLANG_CXX_LIBRARY = "libc++";
				CLANG_ENABLE_MODULES = YES;
				CLANG_ENABLE_OBJC_ARC = YES;
				CLANG_ENABLE_OBJC_WEAK = YES;
				CLANG_WARN_BLOCK_CAPTURE_AUTORELEASING = YES;
				CLANG_WARN_BOOL_CONVERSION = YES;
				CLANG_WARN_COMMA = YES;
				CLANG_WARN_CONSTANT_CONVERSION = YES;
				CLANG_WARN_DEPRECATED_OBJC_IMPLEMENTATIONS = YES;
				CLANG_WARN_DIRECT_OBJC_ISA_USAGE = YES_ERROR;
				CLANG_WARN_DOCUMENTATION_COMMENTS = YES;
				CLANG_WARN_EMPTY_BODY = YES;
				CLANG_WARN_ENUM_CONVERSION = YES;
				CLANG_WARN_INFINITE_RECURSION = YES;
				CLANG_WARN_INT_CONVERSION = YES;
				CLANG_WARN_NON_LITERAL_NULL_CONVERSION = YES;
				CLANG_WARN_OBJC_IMPLICIT_RETAIN_SELF = YES;
				CLANG_WARN_OBJC_LITERAL_CONVERSION = YES;
				CLANG_WARN_OBJC_ROOT_CLASS = YES_ERROR;
				CLANG_WARN_RANGE_LOOP_ANALYSIS = YES;
				CLANG_WARN_STRICT_PROTOTYPES = YES;
				CLANG_WARN_SUSPICIOUS_MOVE = YES;
				CLANG_WARN_UNGUARDED_AVAILABILITY = YES_AGGRESSIVE;
				CLANG_WARN_UNREACHABLE_CODE = YES;
				CLANG_WARN__DUPLICATE_METHOD_MATCH = YES;
				CODE_SIGN_IDENTITY = "iPhone Developer";
				COPY_PHASE_STRIP = NO;
				DEBUG_INFORMATION_FORMAT = dwarf;
				ENABLE_STRICT_OBJC_MSGSEND = YES;
				ENABLE_TESTABILITY = YES;
				GCC_C_LANGUAGE_STANDARD = gnu11;
				GCC_DYNAMIC_NO_PIC = NO;
				GCC_NO_COMMON_BLOCKS = YES;
				GCC_OPTIMIZATION_LEVEL = 0;
				GCC_PREPROCESSOR_DEFINITIONS = (
					"DEBUG=1",
					"$(inherited)",
				);
				GCC_WARN_64_TO_32_BIT_CONVERSION = YES;
				GCC_WARN_ABOUT_RETURN_TYPE = YES_ERROR;
				GCC_WARN_UNDECLARED_SELECTOR = YES;
				GCC_WARN_UNINITIALIZED_AUTOS = YES_AGGRESSIVE;
				GCC_WARN_UNUSED_FUNCTION = YES;
				GCC_WARN_UNUSED_VARIABLE = YES;
				IPHONEOS_DEPLOYMENT_TARGET = 12.4;
				MTL_ENABLE_DEBUG_INFO = INCLUDE_SOURCE;
				MTL_FAST_MATH = YES;
				ONLY_ACTIVE_ARCH = YES;
				SDKROOT = iphoneos;
				SWIFT_ACTIVE_COMPILATION_CONDITIONS = DEBUG;
				SWIFT_OPTIMIZATION_LEVEL = "-Onone";
			};
			name = Debug;
		};
		92D95DC0235754C7009B27A5 /* Release */ = {
			isa = XCBuildConfiguration;
			buildSettings = {
				ALWAYS_SEARCH_USER_PATHS = NO;
				CLANG_ANALYZER_NONNULL = YES;
				CLANG_ANALYZER_NUMBER_OBJECT_CONVERSION = YES_AGGRESSIVE;
				CLANG_CXX_LANGUAGE_STANDARD = "gnu++14";
				CLANG_CXX_LIBRARY = "libc++";
				CLANG_ENABLE_MODULES = YES;
				CLANG_ENABLE_OBJC_ARC = YES;
				CLANG_ENABLE_OBJC_WEAK = YES;
				CLANG_WARN_BLOCK_CAPTURE_AUTORELEASING = YES;
				CLANG_WARN_BOOL_CONVERSION = YES;
				CLANG_WARN_COMMA = YES;
				CLANG_WARN_CONSTANT_CONVERSION = YES;
				CLANG_WARN_DEPRECATED_OBJC_IMPLEMENTATIONS = YES;
				CLANG_WARN_DIRECT_OBJC_ISA_USAGE = YES_ERROR;
				CLANG_WARN_DOCUMENTATION_COMMENTS = YES;
				CLANG_WARN_EMPTY_BODY = YES;
				CLANG_WARN_ENUM_CONVERSION = YES;
				CLANG_WARN_INFINITE_RECURSION = YES;
				CLANG_WARN_INT_CONVERSION = YES;
				CLANG_WARN_NON_LITERAL_NULL_CONVERSION = YES;
				CLANG_WARN_OBJC_IMPLICIT_RETAIN_SELF = YES;
				CLANG_WARN_OBJC_LITERAL_CONVERSION = YES;
				CLANG_WARN_OBJC_ROOT_CLASS = YES_ERROR;
				CLANG_WARN_RANGE_LOOP_ANALYSIS = YES;
				CLANG_WARN_STRICT_PROTOTYPES = YES;
				CLANG_WARN_SUSPICIOUS_MOVE = YES;
				CLANG_WARN_UNGUARDED_AVAILABILITY = YES_AGGRESSIVE;
				CLANG_WARN_UNREACHABLE_CODE = YES;
				CLANG_WARN__DUPLICATE_METHOD_MATCH = YES;
				CODE_SIGN_IDENTITY = "iPhone Developer";
				COPY_PHASE_STRIP = NO;
				DEBUG_INFORMATION_FORMAT = "dwarf-with-dsym";
				ENABLE_NS_ASSERTIONS = NO;
				ENABLE_STRICT_OBJC_MSGSEND = YES;
				GCC_C_LANGUAGE_STANDARD = gnu11;
				GCC_NO_COMMON_BLOCKS = YES;
				GCC_WARN_64_TO_32_BIT_CONVERSION = YES;
				GCC_WARN_ABOUT_RETURN_TYPE = YES_ERROR;
				GCC_WARN_UNDECLARED_SELECTOR = YES;
				GCC_WARN_UNINITIALIZED_AUTOS = YES_AGGRESSIVE;
				GCC_WARN_UNUSED_FUNCTION = YES;
				GCC_WARN_UNUSED_VARIABLE = YES;
				IPHONEOS_DEPLOYMENT_TARGET = 12.4;
				MTL_ENABLE_DEBUG_INFO = NO;
				MTL_FAST_MATH = YES;
				SDKROOT = iphoneos;
				SWIFT_COMPILATION_MODE = wholemodule;
				SWIFT_OPTIMIZATION_LEVEL = "-O";
				VALIDATE_PRODUCT = YES;
			};
			name = Release;
		};
		92D95DC2235754C7009B27A5 /* Debug */ = {
			isa = XCBuildConfiguration;
			baseConfigurationReference = A681D5080056A3923EB4BDA1 /* Pods-SabqProject.debug.xcconfig */;
			buildSettings = {
				ASSETCATALOG_COMPILER_APPICON_NAME = AppIcon;
				CODE_SIGN_STYLE = Automatic;
				INFOPLIST_FILE = "$(SRCROOT)/SabqProject/SupportingFiles/Info.plist";
				LD_RUNPATH_SEARCH_PATHS = (
					"$(inherited)",
					"@executable_path/Frameworks",
				);
				PRODUCT_BUNDLE_IDENTIFIER = com.saragalal.SabqProject;
				PRODUCT_NAME = "$(TARGET_NAME)";
				SWIFT_OBJC_BRIDGING_HEADER = "SabqProject/SupportingFiles/Bridging-Header.h";
				SWIFT_VERSION = 5.0;
				TARGETED_DEVICE_FAMILY = "1,2";
			};
			name = Debug;
		};
		92D95DC3235754C7009B27A5 /* Release */ = {
			isa = XCBuildConfiguration;
			baseConfigurationReference = 32F09598BF7E3C5167F7ACEE /* Pods-SabqProject.release.xcconfig */;
			buildSettings = {
				ASSETCATALOG_COMPILER_APPICON_NAME = AppIcon;
				CODE_SIGN_STYLE = Automatic;
				INFOPLIST_FILE = "$(SRCROOT)/SabqProject/SupportingFiles/Info.plist";
				LD_RUNPATH_SEARCH_PATHS = (
					"$(inherited)",
					"@executable_path/Frameworks",
				);
				PRODUCT_BUNDLE_IDENTIFIER = com.saragalal.SabqProject;
				PRODUCT_NAME = "$(TARGET_NAME)";
				SWIFT_OBJC_BRIDGING_HEADER = "SabqProject/SupportingFiles/Bridging-Header.h";
				SWIFT_VERSION = 5.0;
				TARGETED_DEVICE_FAMILY = "1,2";
			};
			name = Release;
		};
		92D95DC5235754C7009B27A5 /* Debug */ = {
			isa = XCBuildConfiguration;
			baseConfigurationReference = E52A438DCB611B39A0862EA5 /* Pods-SabqProjectTests.debug.xcconfig */;
			buildSettings = {
				ALWAYS_EMBED_SWIFT_STANDARD_LIBRARIES = YES;
				BUNDLE_LOADER = "$(TEST_HOST)";
				CODE_SIGN_STYLE = Automatic;
				INFOPLIST_FILE = SabqProjectTests/Info.plist;
				LD_RUNPATH_SEARCH_PATHS = (
					"$(inherited)",
					"@executable_path/Frameworks",
					"@loader_path/Frameworks",
				);
				PRODUCT_BUNDLE_IDENTIFIER = com.saragalal.SabqProjectTests;
				PRODUCT_NAME = "$(TARGET_NAME)";
				SWIFT_VERSION = 5.0;
				TARGETED_DEVICE_FAMILY = "1,2";
				TEST_HOST = "$(BUILT_PRODUCTS_DIR)/SabqProject.app/SabqProject";
			};
			name = Debug;
		};
		92D95DC6235754C7009B27A5 /* Release */ = {
			isa = XCBuildConfiguration;
			baseConfigurationReference = 39AFDC26EA1A47F283002A9F /* Pods-SabqProjectTests.release.xcconfig */;
			buildSettings = {
				ALWAYS_EMBED_SWIFT_STANDARD_LIBRARIES = YES;
				BUNDLE_LOADER = "$(TEST_HOST)";
				CODE_SIGN_STYLE = Automatic;
				INFOPLIST_FILE = SabqProjectTests/Info.plist;
				LD_RUNPATH_SEARCH_PATHS = (
					"$(inherited)",
					"@executable_path/Frameworks",
					"@loader_path/Frameworks",
				);
				PRODUCT_BUNDLE_IDENTIFIER = com.saragalal.SabqProjectTests;
				PRODUCT_NAME = "$(TARGET_NAME)";
				SWIFT_VERSION = 5.0;
				TARGETED_DEVICE_FAMILY = "1,2";
				TEST_HOST = "$(BUILT_PRODUCTS_DIR)/SabqProject.app/SabqProject";
			};
			name = Release;
		};
		92D95DC8235754C7009B27A5 /* Debug */ = {
			isa = XCBuildConfiguration;
			baseConfigurationReference = 4961A30E4D25CB03135DF6DA /* Pods-SabqProjectUITests.debug.xcconfig */;
			buildSettings = {
				ALWAYS_EMBED_SWIFT_STANDARD_LIBRARIES = YES;
				CODE_SIGN_STYLE = Automatic;
				INFOPLIST_FILE = SabqProjectUITests/Info.plist;
				LD_RUNPATH_SEARCH_PATHS = (
					"$(inherited)",
					"@executable_path/Frameworks",
					"@loader_path/Frameworks",
				);
				PRODUCT_BUNDLE_IDENTIFIER = com.saragalal.SabqProjectUITests;
				PRODUCT_NAME = "$(TARGET_NAME)";
				SWIFT_VERSION = 5.0;
				TARGETED_DEVICE_FAMILY = "1,2";
				TEST_TARGET_NAME = SabqProject;
			};
			name = Debug;
		};
		92D95DC9235754C7009B27A5 /* Release */ = {
			isa = XCBuildConfiguration;
			baseConfigurationReference = 73F84F3B5D3FE27C3292C342 /* Pods-SabqProjectUITests.release.xcconfig */;
			buildSettings = {
				ALWAYS_EMBED_SWIFT_STANDARD_LIBRARIES = YES;
				CODE_SIGN_STYLE = Automatic;
				INFOPLIST_FILE = SabqProjectUITests/Info.plist;
				LD_RUNPATH_SEARCH_PATHS = (
					"$(inherited)",
					"@executable_path/Frameworks",
					"@loader_path/Frameworks",
				);
				PRODUCT_BUNDLE_IDENTIFIER = com.saragalal.SabqProjectUITests;
				PRODUCT_NAME = "$(TARGET_NAME)";
				SWIFT_VERSION = 5.0;
				TARGETED_DEVICE_FAMILY = "1,2";
				TEST_TARGET_NAME = SabqProject;
			};
			name = Release;
		};
/* End XCBuildConfiguration section */

/* Begin XCConfigurationList section */
		92D95D94235754C7009B27A5 /* Build configuration list for PBXProject "SabqProject" */ = {
			isa = XCConfigurationList;
			buildConfigurations = (
				92D95DBF235754C7009B27A5 /* Debug */,
				92D95DC0235754C7009B27A5 /* Release */,
			);
			defaultConfigurationIsVisible = 0;
			defaultConfigurationName = Release;
		};
		92D95DC1235754C7009B27A5 /* Build configuration list for PBXNativeTarget "SabqProject" */ = {
			isa = XCConfigurationList;
			buildConfigurations = (
				92D95DC2235754C7009B27A5 /* Debug */,
				92D95DC3235754C7009B27A5 /* Release */,
			);
			defaultConfigurationIsVisible = 0;
			defaultConfigurationName = Release;
		};
		92D95DC4235754C7009B27A5 /* Build configuration list for PBXNativeTarget "SabqProjectTests" */ = {
			isa = XCConfigurationList;
			buildConfigurations = (
				92D95DC5235754C7009B27A5 /* Debug */,
				92D95DC6235754C7009B27A5 /* Release */,
			);
			defaultConfigurationIsVisible = 0;
			defaultConfigurationName = Release;
		};
		92D95DC7235754C7009B27A5 /* Build configuration list for PBXNativeTarget "SabqProjectUITests" */ = {
			isa = XCConfigurationList;
			buildConfigurations = (
				92D95DC8235754C7009B27A5 /* Debug */,
				92D95DC9235754C7009B27A5 /* Release */,
			);
			defaultConfigurationIsVisible = 0;
			defaultConfigurationName = Release;
		};
/* End XCConfigurationList section */
	};
	rootObject = 92D95D91235754C7009B27A5 /* Project object */;
}
